// !$*UTF8*$!
{
	archiveVersion = 1;
	classes = {
	};
	objectVersion = 56;
	objects = {

/* Begin PBXBuildFile section */
		4364CD352AE6655E001A100A /* ContributionProfileView.swift in Sources */ = {isa = PBXBuildFile; fileRef = 4364CD342AE6655E001A100A /* ContributionProfileView.swift */; };
		4364CD372AE6663C001A100A /* ProfileSwitchButton.swift in Sources */ = {isa = PBXBuildFile; fileRef = 4364CD362AE6663C001A100A /* ProfileSwitchButton.swift */; };
		43944F6F2AE271C100E03E84 /* UserProfile.swift in Sources */ = {isa = PBXBuildFile; fileRef = 43944F6E2AE271C100E03E84 /* UserProfile.swift */; };
		43944F712AE27EBB00E03E84 /* Profile rectangle.swift in Sources */ = {isa = PBXBuildFile; fileRef = 43944F702AE27EBB00E03E84 /* Profile rectangle.swift */; };
		43A008352AE7E4E900D9431F /* CarrouselFavoriteEV.swift in Sources */ = {isa = PBXBuildFile; fileRef = 43A008342AE7E4E900D9431F /* CarrouselFavoriteEV.swift */; };
		43A0083F2AE8095500D9431F /* GetFavorite.swift in Sources */ = {isa = PBXBuildFile; fileRef = 43A0083E2AE8095500D9431F /* GetFavorite.swift */; };
		43B862FB2AEFA68E00C8DAD5 /* LevelGame.swift in Sources */ = {isa = PBXBuildFile; fileRef = 43B862FA2AEFA68E00C8DAD5 /* LevelGame.swift */; };
		7C0F47692AE16A3D004F8033 /* ActivitySymbol.swift in Sources */ = {isa = PBXBuildFile; fileRef = 7C0F47682AE16A3D004F8033 /* ActivitySymbol.swift */; };
		7C0F476C2AE17392004F8033 /* SearchButton.swift in Sources */ = {isa = PBXBuildFile; fileRef = 7C0F476B2AE17392004F8033 /* SearchButton.swift */; };
		7C0F476E2AE174CB004F8033 /* ProfileButton.swift in Sources */ = {isa = PBXBuildFile; fileRef = 7C0F476D2AE174CB004F8033 /* ProfileButton.swift */; };
		7C0F47702AE17516004F8033 /* DisplaySwitchButton.swift in Sources */ = {isa = PBXBuildFile; fileRef = 7C0F476F2AE17516004F8033 /* DisplaySwitchButton.swift */; };
		7C0F47722AE18061004F8033 /* ListCard.swift in Sources */ = {isa = PBXBuildFile; fileRef = 7C0F47712AE18061004F8033 /* ListCard.swift */; };
		7C0F47742AE18A56004F8033 /* ActivitySymbolSmall.swift in Sources */ = {isa = PBXBuildFile; fileRef = 7C0F47732AE18A56004F8033 /* ActivitySymbolSmall.swift */; };
		7C0F47762AE18B70004F8033 /* VoteCountDisplay.swift in Sources */ = {isa = PBXBuildFile; fileRef = 7C0F47752AE18B70004F8033 /* VoteCountDisplay.swift */; };
		7C5F00952AE8FA4000E0AEAE /* MapView.swift in Sources */ = {isa = PBXBuildFile; fileRef = 7C5F00942AE8FA4000E0AEAE /* MapView.swift */; };
		7C5F00972AE8FA6500E0AEAE /* UserPositionSymbol.swift in Sources */ = {isa = PBXBuildFile; fileRef = 7C5F00962AE8FA6500E0AEAE /* UserPositionSymbol.swift */; };
		7C5F00992AE8FADD00E0AEAE /* SearchViewBaseOlivier.swift in Sources */ = {isa = PBXBuildFile; fileRef = 7C5F00982AE8FADD00E0AEAE /* SearchViewBaseOlivier.swift */; };
		7C5F009B2AE908D200E0AEAE /* LocationManager.swift in Sources */ = {isa = PBXBuildFile; fileRef = 7C5F009A2AE908D200E0AEAE /* LocationManager.swift */; };
		7C5F009D2AE9456500E0AEAE /* ActivityDataModel.swift in Sources */ = {isa = PBXBuildFile; fileRef = 7C5F009C2AE9456500E0AEAE /* ActivityDataModel.swift */; };
		7C5F009F2AE945D100E0AEAE /* UserDataModel.swift in Sources */ = {isa = PBXBuildFile; fileRef = 7C5F009E2AE945D100E0AEAE /* UserDataModel.swift */; };
		7C5F00A52AE9475100E0AEAE /* APIRequestViewModel.swift in Sources */ = {isa = PBXBuildFile; fileRef = 7C5F00A42AE9475100E0AEAE /* APIRequestViewModel.swift */; };
		7C5F00A92AE9514200E0AEAE /* TestAPIView.swift in Sources */ = {isa = PBXBuildFile; fileRef = 7C5F00A82AE9514200E0AEAE /* TestAPIView.swift */; };
		7C5F00AB2AE9517600E0AEAE /* UserListView.swift in Sources */ = {isa = PBXBuildFile; fileRef = 7C5F00AA2AE9517600E0AEAE /* UserListView.swift */; };
		7C5F00AD2AEA6E2800E0AEAE /* ActivityPreview.swift in Sources */ = {isa = PBXBuildFile; fileRef = 7C5F00AC2AEA6E2800E0AEAE /* ActivityPreview.swift */; };
		7C5F00AF2AEAA02B00E0AEAE /* SearchView.swift in Sources */ = {isa = PBXBuildFile; fileRef = 7C5F00AE2AEAA02B00E0AEAE /* SearchView.swift */; };
		7C5F00B12AEAA77B00E0AEAE /* SelectableActivitySymbol.swift in Sources */ = {isa = PBXBuildFile; fileRef = 7C5F00B02AEAA77B00E0AEAE /* SelectableActivitySymbol.swift */; };
		7C5F00B72AEBD96E00E0AEAE /* GlobalVariables.swift in Sources */ = {isa = PBXBuildFile; fileRef = 7C5F00B62AEBD96E00E0AEAE /* GlobalVariables.swift */; };
		7C5F00B92AEBEB4300E0AEAE /* CancelSearchButton.swift in Sources */ = {isa = PBXBuildFile; fileRef = 7C5F00B82AEBEB4300E0AEAE /* CancelSearchButton.swift */; };
		7C7385942AE113EC0024DDCC /* FreeDiscoverApp.swift in Sources */ = {isa = PBXBuildFile; fileRef = 7C7385932AE113EC0024DDCC /* FreeDiscoverApp.swift */; };
		7C7385962AE113EC0024DDCC /* ContentView.swift in Sources */ = {isa = PBXBuildFile; fileRef = 7C7385952AE113EC0024DDCC /* ContentView.swift */; };
		7C7385982AE113ED0024DDCC /* Assets.xcassets in Resources */ = {isa = PBXBuildFile; fileRef = 7C7385972AE113ED0024DDCC /* Assets.xcassets */; };
		7C73859B2AE113ED0024DDCC /* Preview Assets.xcassets in Resources */ = {isa = PBXBuildFile; fileRef = 7C73859A2AE113ED0024DDCC /* Preview Assets.xcassets */; };
		7C7385BE2AE12D1A0024DDCC /* CreateActivityView.swift in Sources */ = {isa = PBXBuildFile; fileRef = 7C7385BD2AE12D1A0024DDCC /* CreateActivityView.swift */; };
		7C7385C02AE12D260024DDCC /* ProfileView.swift in Sources */ = {isa = PBXBuildFile; fileRef = 7C7385BF2AE12D260024DDCC /* ProfileView.swift */; };
		7C7385C22AE12D680024DDCC /* GamificationView.swift in Sources */ = {isa = PBXBuildFile; fileRef = 7C7385C12AE12D680024DDCC /* GamificationView.swift */; };
		7C7385C82AE12DBE0024DDCC /* ActivityDetailView.swift in Sources */ = {isa = PBXBuildFile; fileRef = 7C7385C72AE12DBE0024DDCC /* ActivityDetailView.swift */; };
		7C7385CA2AE12DD40024DDCC /* ListView.swift in Sources */ = {isa = PBXBuildFile; fileRef = 7C7385C92AE12DD40024DDCC /* ListView.swift */; };
		7C7385CC2AE12DE30024DDCC /* HomepageView.swift in Sources */ = {isa = PBXBuildFile; fileRef = 7C7385CB2AE12DE30024DDCC /* HomepageView.swift */; };
		7C9ACD852AE6B7690083E3C2 /* UserSymbolMapPosition.swift in Sources */ = {isa = PBXBuildFile; fileRef = 7C9ACD842AE6B7690083E3C2 /* UserSymbolMapPosition.swift */; };
		7C9ACD8D2AE6B9E40083E3C2 /* CarrousselBonPlan.swift in Sources */ = {isa = PBXBuildFile; fileRef = 7C9ACD8C2AE6B9E40083E3C2 /* CarrousselBonPlan.swift */; };
		7C9ACD912AE6C3230083E3C2 /* GetActivityByType.swift in Sources */ = {isa = PBXBuildFile; fileRef = 7C9ACD902AE6C3230083E3C2 /* GetActivityByType.swift */; };
		7C9ACD932AE6C3480083E3C2 /* GetTemporaryActivity.swift in Sources */ = {isa = PBXBuildFile; fileRef = 7C9ACD922AE6C3480083E3C2 /* GetTemporaryActivity.swift */; };
		9FDED9B52AEA89C0001BAD95 /* ShareButton.swift in Sources */ = {isa = PBXBuildFile; fileRef = 9FDED9B42AEA89C0001BAD95 /* ShareButton.swift */; };
		9FDED9B72AEA90F8001BAD95 /* ThumbsupButton.swift in Sources */ = {isa = PBXBuildFile; fileRef = 9FDED9B62AEA90F8001BAD95 /* ThumbsupButton.swift */; };
		9FDED9B92AEA9121001BAD95 /* ThumbsdownButton.swift in Sources */ = {isa = PBXBuildFile; fileRef = 9FDED9B82AEA9121001BAD95 /* ThumbsdownButton.swift */; };
		9FDED9BB2AEA97C4001BAD95 /* laurelleadingLevel.swift in Sources */ = {isa = PBXBuildFile; fileRef = 9FDED9BA2AEA97C4001BAD95 /* laurelleadingLevel.swift */; };
		7CE35FF22AEE6B2100209FF6 /* SearchFunctions.swift in Sources */ = {isa = PBXBuildFile; fileRef = 7CE35FF12AEE6B2100209FF6 /* SearchFunctions.swift */; };
		C705EC802AE80E3000A7D759 /* LikeButton.swift in Sources */ = {isa = PBXBuildFile; fileRef = C705EC7F2AE80E3000A7D759 /* LikeButton.swift */; };
		C71FB42E2AE7AC1900DEE84F /* UserModel.swift in Sources */ = {isa = PBXBuildFile; fileRef = C71FB42D2AE7AC1900DEE84F /* UserModel.swift */; };
		C71FB4302AE7AE7000DEE84F /* ProfileImage.swift in Sources */ = {isa = PBXBuildFile; fileRef = C71FB42F2AE7AE7000DEE84F /* ProfileImage.swift */; };
		C75F398E2AE7F050005DD9AA /* CategoryPicker.swift in Sources */ = {isa = PBXBuildFile; fileRef = C75F398D2AE7F050005DD9AA /* CategoryPicker.swift */; };
		C77D1F322AE286CC00C7CB74 /* CtaButton.swift in Sources */ = {isa = PBXBuildFile; fileRef = C77D1F312AE286CC00C7CB74 /* CtaButton.swift */; };
		C79564792AE2C51500D059F2 /* AccessibilitySymbol.swift in Sources */ = {isa = PBXBuildFile; fileRef = C79564782AE2C51500D059F2 /* AccessibilitySymbol.swift */; };
		F2E031582AE17D98001ECF38 /* ActivityTypes.swift in Sources */ = {isa = PBXBuildFile; fileRef = F2E031572AE17D98001ECF38 /* ActivityTypes.swift */; };
		F2E0315A2AE17DAE001ECF38 /* FreeDiscover.swift in Sources */ = {isa = PBXBuildFile; fileRef = F2E031592AE17DAE001ECF38 /* FreeDiscover.swift */; };
/* End PBXBuildFile section */

/* Begin PBXFileReference section */
		4364CD342AE6655E001A100A /* ContributionProfileView.swift */ = {isa = PBXFileReference; lastKnownFileType = sourcecode.swift; path = ContributionProfileView.swift; sourceTree = "<group>"; };
		4364CD362AE6663C001A100A /* ProfileSwitchButton.swift */ = {isa = PBXFileReference; lastKnownFileType = sourcecode.swift; path = ProfileSwitchButton.swift; sourceTree = "<group>"; };
		43944F6E2AE271C100E03E84 /* UserProfile.swift */ = {isa = PBXFileReference; lastKnownFileType = sourcecode.swift; path = UserProfile.swift; sourceTree = "<group>"; };
		43944F702AE27EBB00E03E84 /* Profile rectangle.swift */ = {isa = PBXFileReference; lastKnownFileType = sourcecode.swift; path = "Profile rectangle.swift"; sourceTree = "<group>"; };
		43A008342AE7E4E900D9431F /* CarrouselFavoriteEV.swift */ = {isa = PBXFileReference; lastKnownFileType = sourcecode.swift; path = CarrouselFavoriteEV.swift; sourceTree = "<group>"; };
		43A0083E2AE8095500D9431F /* GetFavorite.swift */ = {isa = PBXFileReference; lastKnownFileType = sourcecode.swift; path = GetFavorite.swift; sourceTree = "<group>"; };
		43B862FA2AEFA68E00C8DAD5 /* LevelGame.swift */ = {isa = PBXFileReference; lastKnownFileType = sourcecode.swift; path = LevelGame.swift; sourceTree = "<group>"; };
		7C0F47682AE16A3D004F8033 /* ActivitySymbol.swift */ = {isa = PBXFileReference; lastKnownFileType = sourcecode.swift; path = ActivitySymbol.swift; sourceTree = "<group>"; };
		7C0F476B2AE17392004F8033 /* SearchButton.swift */ = {isa = PBXFileReference; lastKnownFileType = sourcecode.swift; path = SearchButton.swift; sourceTree = "<group>"; };
		7C0F476D2AE174CB004F8033 /* ProfileButton.swift */ = {isa = PBXFileReference; lastKnownFileType = sourcecode.swift; path = ProfileButton.swift; sourceTree = "<group>"; };
		7C0F476F2AE17516004F8033 /* DisplaySwitchButton.swift */ = {isa = PBXFileReference; lastKnownFileType = sourcecode.swift; path = DisplaySwitchButton.swift; sourceTree = "<group>"; };
		7C0F47712AE18061004F8033 /* ListCard.swift */ = {isa = PBXFileReference; lastKnownFileType = sourcecode.swift; path = ListCard.swift; sourceTree = "<group>"; };
		7C0F47732AE18A56004F8033 /* ActivitySymbolSmall.swift */ = {isa = PBXFileReference; lastKnownFileType = sourcecode.swift; path = ActivitySymbolSmall.swift; sourceTree = "<group>"; };
		7C0F47752AE18B70004F8033 /* VoteCountDisplay.swift */ = {isa = PBXFileReference; lastKnownFileType = sourcecode.swift; path = VoteCountDisplay.swift; sourceTree = "<group>"; };
		7C179ECA2AE162A4003E094A /* README.md */ = {isa = PBXFileReference; lastKnownFileType = net.daringfireball.markdown; path = README.md; sourceTree = "<group>"; };
		7C5F00942AE8FA4000E0AEAE /* MapView.swift */ = {isa = PBXFileReference; lastKnownFileType = sourcecode.swift; path = MapView.swift; sourceTree = "<group>"; };
		7C5F00962AE8FA6500E0AEAE /* UserPositionSymbol.swift */ = {isa = PBXFileReference; lastKnownFileType = sourcecode.swift; path = UserPositionSymbol.swift; sourceTree = "<group>"; };
		7C5F00982AE8FADD00E0AEAE /* SearchViewBaseOlivier.swift */ = {isa = PBXFileReference; lastKnownFileType = sourcecode.swift; path = SearchViewBaseOlivier.swift; sourceTree = "<group>"; };
		7C5F009A2AE908D200E0AEAE /* LocationManager.swift */ = {isa = PBXFileReference; lastKnownFileType = sourcecode.swift; path = LocationManager.swift; sourceTree = "<group>"; };
		7C5F009C2AE9456500E0AEAE /* ActivityDataModel.swift */ = {isa = PBXFileReference; lastKnownFileType = sourcecode.swift; path = ActivityDataModel.swift; sourceTree = "<group>"; };
		7C5F009E2AE945D100E0AEAE /* UserDataModel.swift */ = {isa = PBXFileReference; lastKnownFileType = sourcecode.swift; path = UserDataModel.swift; sourceTree = "<group>"; };
		7C5F00A42AE9475100E0AEAE /* APIRequestViewModel.swift */ = {isa = PBXFileReference; lastKnownFileType = sourcecode.swift; path = APIRequestViewModel.swift; sourceTree = "<group>"; };
		7C5F00A82AE9514200E0AEAE /* TestAPIView.swift */ = {isa = PBXFileReference; lastKnownFileType = sourcecode.swift; path = TestAPIView.swift; sourceTree = "<group>"; };
		7C5F00AA2AE9517600E0AEAE /* UserListView.swift */ = {isa = PBXFileReference; lastKnownFileType = sourcecode.swift; path = UserListView.swift; sourceTree = "<group>"; };
		7C5F00AC2AEA6E2800E0AEAE /* ActivityPreview.swift */ = {isa = PBXFileReference; lastKnownFileType = sourcecode.swift; path = ActivityPreview.swift; sourceTree = "<group>"; };
		7C5F00AE2AEAA02B00E0AEAE /* SearchView.swift */ = {isa = PBXFileReference; lastKnownFileType = sourcecode.swift; path = SearchView.swift; sourceTree = "<group>"; };
		7C5F00B02AEAA77B00E0AEAE /* SelectableActivitySymbol.swift */ = {isa = PBXFileReference; lastKnownFileType = sourcecode.swift; path = SelectableActivitySymbol.swift; sourceTree = "<group>"; };
		7C5F00B62AEBD96E00E0AEAE /* GlobalVariables.swift */ = {isa = PBXFileReference; lastKnownFileType = sourcecode.swift; path = GlobalVariables.swift; sourceTree = "<group>"; };
		7C5F00B82AEBEB4300E0AEAE /* CancelSearchButton.swift */ = {isa = PBXFileReference; lastKnownFileType = sourcecode.swift; path = CancelSearchButton.swift; sourceTree = "<group>"; };
		7C7385902AE113EC0024DDCC /* FreeDiscover.app */ = {isa = PBXFileReference; explicitFileType = wrapper.application; includeInIndex = 0; path = FreeDiscover.app; sourceTree = BUILT_PRODUCTS_DIR; };
		7C7385932AE113EC0024DDCC /* FreeDiscoverApp.swift */ = {isa = PBXFileReference; lastKnownFileType = sourcecode.swift; path = FreeDiscoverApp.swift; sourceTree = "<group>"; };
		7C7385952AE113EC0024DDCC /* ContentView.swift */ = {isa = PBXFileReference; lastKnownFileType = sourcecode.swift; path = ContentView.swift; sourceTree = "<group>"; };
		7C7385972AE113ED0024DDCC /* Assets.xcassets */ = {isa = PBXFileReference; lastKnownFileType = folder.assetcatalog; path = Assets.xcassets; sourceTree = "<group>"; };
		7C73859A2AE113ED0024DDCC /* Preview Assets.xcassets */ = {isa = PBXFileReference; lastKnownFileType = folder.assetcatalog; path = "Preview Assets.xcassets"; sourceTree = "<group>"; };
		7C7385B82AE12C850024DDCC /* Empty.md */ = {isa = PBXFileReference; lastKnownFileType = net.daringfireball.markdown; path = Empty.md; sourceTree = "<group>"; };
		7C7385B92AE12C960024DDCC /* Empty.md */ = {isa = PBXFileReference; lastKnownFileType = net.daringfireball.markdown; path = Empty.md; sourceTree = "<group>"; };
		7C7385BA2AE12CFB0024DDCC /* Empty.md */ = {isa = PBXFileReference; lastKnownFileType = net.daringfireball.markdown; path = Empty.md; sourceTree = "<group>"; };
		7C7385BD2AE12D1A0024DDCC /* CreateActivityView.swift */ = {isa = PBXFileReference; lastKnownFileType = sourcecode.swift; path = CreateActivityView.swift; sourceTree = "<group>"; };
		7C7385BF2AE12D260024DDCC /* ProfileView.swift */ = {isa = PBXFileReference; lastKnownFileType = sourcecode.swift; path = ProfileView.swift; sourceTree = "<group>"; };
		7C7385C12AE12D680024DDCC /* GamificationView.swift */ = {isa = PBXFileReference; lastKnownFileType = sourcecode.swift; path = GamificationView.swift; sourceTree = "<group>"; };
		7C7385C72AE12DBE0024DDCC /* ActivityDetailView.swift */ = {isa = PBXFileReference; lastKnownFileType = sourcecode.swift; path = ActivityDetailView.swift; sourceTree = "<group>"; };
		7C7385C92AE12DD40024DDCC /* ListView.swift */ = {isa = PBXFileReference; lastKnownFileType = sourcecode.swift; path = ListView.swift; sourceTree = "<group>"; };
		7C7385CB2AE12DE30024DDCC /* HomepageView.swift */ = {isa = PBXFileReference; lastKnownFileType = sourcecode.swift; path = HomepageView.swift; sourceTree = "<group>"; };
		7C7385CD2AE12DF00024DDCC /* Empty.md */ = {isa = PBXFileReference; lastKnownFileType = net.daringfireball.markdown; path = Empty.md; sourceTree = "<group>"; };
		7C7385CE2AE12DFD0024DDCC /* Empty.md */ = {isa = PBXFileReference; lastKnownFileType = net.daringfireball.markdown; path = Empty.md; sourceTree = "<group>"; };
		7C9ACD842AE6B7690083E3C2 /* UserSymbolMapPosition.swift */ = {isa = PBXFileReference; lastKnownFileType = sourcecode.swift; path = UserSymbolMapPosition.swift; sourceTree = "<group>"; };
		7C9ACD8C2AE6B9E40083E3C2 /* CarrousselBonPlan.swift */ = {isa = PBXFileReference; lastKnownFileType = sourcecode.swift; path = CarrousselBonPlan.swift; sourceTree = "<group>"; };
		7C9ACD902AE6C3230083E3C2 /* GetActivityByType.swift */ = {isa = PBXFileReference; lastKnownFileType = sourcecode.swift; path = GetActivityByType.swift; sourceTree = "<group>"; };
		7C9ACD922AE6C3480083E3C2 /* GetTemporaryActivity.swift */ = {isa = PBXFileReference; lastKnownFileType = sourcecode.swift; path = GetTemporaryActivity.swift; sourceTree = "<group>"; };
		9FDED9B42AEA89C0001BAD95 /* ShareButton.swift */ = {isa = PBXFileReference; lastKnownFileType = sourcecode.swift; path = ShareButton.swift; sourceTree = "<group>"; };
		9FDED9B62AEA90F8001BAD95 /* ThumbsupButton.swift */ = {isa = PBXFileReference; lastKnownFileType = sourcecode.swift; path = ThumbsupButton.swift; sourceTree = "<group>"; };
		9FDED9B82AEA9121001BAD95 /* ThumbsdownButton.swift */ = {isa = PBXFileReference; lastKnownFileType = sourcecode.swift; path = ThumbsdownButton.swift; sourceTree = "<group>"; };
		9FDED9BA2AEA97C4001BAD95 /* laurelleadingLevel.swift */ = {isa = PBXFileReference; lastKnownFileType = sourcecode.swift; path = laurelleadingLevel.swift; sourceTree = "<group>"; };
		7CE35FF12AEE6B2100209FF6 /* SearchFunctions.swift */ = {isa = PBXFileReference; lastKnownFileType = sourcecode.swift; path = SearchFunctions.swift; sourceTree = "<group>"; };
		C705EC7F2AE80E3000A7D759 /* LikeButton.swift */ = {isa = PBXFileReference; lastKnownFileType = sourcecode.swift; path = LikeButton.swift; sourceTree = "<group>"; };
		C71FB42D2AE7AC1900DEE84F /* UserModel.swift */ = {isa = PBXFileReference; lastKnownFileType = sourcecode.swift; path = UserModel.swift; sourceTree = "<group>"; };
		C71FB42F2AE7AE7000DEE84F /* ProfileImage.swift */ = {isa = PBXFileReference; lastKnownFileType = sourcecode.swift; path = ProfileImage.swift; sourceTree = "<group>"; };
		C75F398D2AE7F050005DD9AA /* CategoryPicker.swift */ = {isa = PBXFileReference; lastKnownFileType = sourcecode.swift; path = CategoryPicker.swift; sourceTree = "<group>"; };
		C77D1F312AE286CC00C7CB74 /* CtaButton.swift */ = {isa = PBXFileReference; lastKnownFileType = sourcecode.swift; path = CtaButton.swift; sourceTree = "<group>"; };
		C79564782AE2C51500D059F2 /* AccessibilitySymbol.swift */ = {isa = PBXFileReference; lastKnownFileType = sourcecode.swift; path = AccessibilitySymbol.swift; sourceTree = "<group>"; };
		F2E031572AE17D98001ECF38 /* ActivityTypes.swift */ = {isa = PBXFileReference; lastKnownFileType = sourcecode.swift; path = ActivityTypes.swift; sourceTree = "<group>"; };
		F2E031592AE17DAE001ECF38 /* FreeDiscover.swift */ = {isa = PBXFileReference; lastKnownFileType = sourcecode.swift; path = FreeDiscover.swift; sourceTree = "<group>"; };
/* End PBXFileReference section */

/* Begin PBXFrameworksBuildPhase section */
		7C73858D2AE113EC0024DDCC /* Frameworks */ = {
			isa = PBXFrameworksBuildPhase;
			buildActionMask = 2147483647;
			files = (
			);
			runOnlyForDeploymentPostprocessing = 0;
		};
/* End PBXFrameworksBuildPhase section */

/* Begin PBXGroup section */
		7C0F476A2AE17379004F8033 /* Buttons */ = {
			isa = PBXGroup;
			children = (
				7C0F476B2AE17392004F8033 /* SearchButton.swift */,
				7C0F476D2AE174CB004F8033 /* ProfileButton.swift */,
				7C0F476F2AE17516004F8033 /* DisplaySwitchButton.swift */,
				C77D1F312AE286CC00C7CB74 /* CtaButton.swift */,
				4364CD362AE6663C001A100A /* ProfileSwitchButton.swift */,
				C75F398D2AE7F050005DD9AA /* CategoryPicker.swift */,
				C705EC7F2AE80E3000A7D759 /* LikeButton.swift */,
				9FDED9B42AEA89C0001BAD95 /* ShareButton.swift */,
				9FDED9B62AEA90F8001BAD95 /* ThumbsupButton.swift */,
				9FDED9B82AEA9121001BAD95 /* ThumbsdownButton.swift */,
				9FDED9BA2AEA97C4001BAD95 /* laurelleadingLevel.swift */,
				7C5F00B82AEBEB4300E0AEAE /* CancelSearchButton.swift */,
			);
			path = Buttons;
			sourceTree = "<group>";
		};
		7C7385872AE113EC0024DDCC = {
			isa = PBXGroup;
			children = (
				7C179ECA2AE162A4003E094A /* README.md */,
				7C7385922AE113EC0024DDCC /* FreeDiscover */,
				7C7385912AE113EC0024DDCC /* Products */,
			);
			sourceTree = "<group>";
		};
		7C7385912AE113EC0024DDCC /* Products */ = {
			isa = PBXGroup;
			children = (
				7C7385902AE113EC0024DDCC /* FreeDiscover.app */,
			);
			name = Products;
			sourceTree = "<group>";
		};
		7C7385922AE113EC0024DDCC /* FreeDiscover */ = {
			isa = PBXGroup;
			children = (
				7C7385AB2AE115130024DDCC /* Componants */,
				7C7385A92AE114850024DDCC /* Extentions */,
				7C7385A52AE114340024DDCC /* Helpers */,
				7C7385A42AE114270024DDCC /* ViewModels */,
				7C7385A32AE114180024DDCC /* Models */,
				7C7385A22AE1140E0024DDCC /* Views */,
				7C7385A12AE114030024DDCC /* APP */,
				7C7385952AE113EC0024DDCC /* ContentView.swift */,
				7C7385972AE113ED0024DDCC /* Assets.xcassets */,
				7C7385992AE113ED0024DDCC /* Preview Content */,
			);
			path = FreeDiscover;
			sourceTree = "<group>";
		};
		7C7385992AE113ED0024DDCC /* Preview Content */ = {
			isa = PBXGroup;
			children = (
				7C73859A2AE113ED0024DDCC /* Preview Assets.xcassets */,
			);
			path = "Preview Content";
			sourceTree = "<group>";
		};
		7C7385A12AE114030024DDCC /* APP */ = {
			isa = PBXGroup;
			children = (
				7C7385932AE113EC0024DDCC /* FreeDiscoverApp.swift */,
				7C5F00A82AE9514200E0AEAE /* TestAPIView.swift */,
				7C5F00AA2AE9517600E0AEAE /* UserListView.swift */,
			);
			path = APP;
			sourceTree = "<group>";
		};
		7C7385A22AE1140E0024DDCC /* Views */ = {
			isa = PBXGroup;
			children = (
				7C7385B42AE117DF0024DDCC /* Gamification */,
				7C7385B32AE117BC0024DDCC /* CreateActivity */,
				7C7385B22AE1177A0024DDCC /* Profile */,
				7C7385B12AE117110024DDCC /* Search */,
				7C7385AF2AE1167A0024DDCC /* ActivityDetail */,
				7C7385AE2AE1165D0024DDCC /* ListView */,
				7C7385AD2AE1164F0024DDCC /* Homepage */,
			);
			path = Views;
			sourceTree = "<group>";
		};
		7C7385A32AE114180024DDCC /* Models */ = {
			isa = PBXGroup;
			children = (
				7C7385BA2AE12CFB0024DDCC /* Empty.md */,
				F2E031572AE17D98001ECF38 /* ActivityTypes.swift */,
				F2E031592AE17DAE001ECF38 /* FreeDiscover.swift */,
				43944F6E2AE271C100E03E84 /* UserProfile.swift */,
				7C5F009C2AE9456500E0AEAE /* ActivityDataModel.swift */,
				7C5F009E2AE945D100E0AEAE /* UserDataModel.swift */,
				43B862FA2AEFA68E00C8DAD5 /* LevelGame.swift */,
			);
			path = Models;
			sourceTree = "<group>";
		};
		7C7385A42AE114270024DDCC /* ViewModels */ = {
			isa = PBXGroup;
			children = (
				7C7385B92AE12C960024DDCC /* Empty.md */,
			);
			path = ViewModels;
			sourceTree = "<group>";
		};
		7C7385A52AE114340024DDCC /* Helpers */ = {
			isa = PBXGroup;
			children = (
				7C7385B82AE12C850024DDCC /* Empty.md */,
				7C9ACD902AE6C3230083E3C2 /* GetActivityByType.swift */,
				7C9ACD922AE6C3480083E3C2 /* GetTemporaryActivity.swift */,
				7C5F009A2AE908D200E0AEAE /* LocationManager.swift */,
				7C5F00A42AE9475100E0AEAE /* APIRequestViewModel.swift */,
				43A0083E2AE8095500D9431F /* GetFavorite.swift */,
				7C5F00B62AEBD96E00E0AEAE /* GlobalVariables.swift */,
				7CE35FF12AEE6B2100209FF6 /* SearchFunctions.swift */,
			);
			path = Helpers;
			sourceTree = "<group>";
		};
		7C7385A92AE114850024DDCC /* Extentions */ = {
			isa = PBXGroup;
			children = (
				7C7385CD2AE12DF00024DDCC /* Empty.md */,
			);
			path = Extentions;
			sourceTree = "<group>";
		};
		7C7385AB2AE115130024DDCC /* Componants */ = {
			isa = PBXGroup;
			children = (
				7C0F476A2AE17379004F8033 /* Buttons */,
				7C7385B52AE129140024DDCC /* ActivitySymbols */,
				7C7385AC2AE1151D0024DDCC /* Styles */,
				7C0F47712AE18061004F8033 /* ListCard.swift */,
				7C0F47752AE18B70004F8033 /* VoteCountDisplay.swift */,
				7C9ACD842AE6B7690083E3C2 /* UserSymbolMapPosition.swift */,
				7C9ACD8C2AE6B9E40083E3C2 /* CarrousselBonPlan.swift */,
			);
			path = Componants;
			sourceTree = "<group>";
		};
		7C7385AC2AE1151D0024DDCC /* Styles */ = {
			isa = PBXGroup;
			children = (
				7C7385CE2AE12DFD0024DDCC /* Empty.md */,
				43944F702AE27EBB00E03E84 /* Profile rectangle.swift */,
				43A008342AE7E4E900D9431F /* CarrouselFavoriteEV.swift */,
			);
			path = Styles;
			sourceTree = "<group>";
		};
		7C7385AD2AE1164F0024DDCC /* Homepage */ = {
			isa = PBXGroup;
			children = (
				7C7385CB2AE12DE30024DDCC /* HomepageView.swift */,
				7C5F00942AE8FA4000E0AEAE /* MapView.swift */,
				7C5F00962AE8FA6500E0AEAE /* UserPositionSymbol.swift */,
				7C5F00AC2AEA6E2800E0AEAE /* ActivityPreview.swift */,
			);
			path = Homepage;
			sourceTree = "<group>";
		};
		7C7385AE2AE1165D0024DDCC /* ListView */ = {
			isa = PBXGroup;
			children = (
				7C7385C92AE12DD40024DDCC /* ListView.swift */,
			);
			path = ListView;
			sourceTree = "<group>";
		};
		7C7385AF2AE1167A0024DDCC /* ActivityDetail */ = {
			isa = PBXGroup;
			children = (
				7C7385C72AE12DBE0024DDCC /* ActivityDetailView.swift */,
			);
			path = ActivityDetail;
			sourceTree = "<group>";
		};
		7C7385B12AE117110024DDCC /* Search */ = {
			isa = PBXGroup;
			children = (
				7C5F00982AE8FADD00E0AEAE /* SearchViewBaseOlivier.swift */,
				7C5F00AE2AEAA02B00E0AEAE /* SearchView.swift */,
			);
			path = Search;
			sourceTree = "<group>";
		};
		7C7385B22AE1177A0024DDCC /* Profile */ = {
			isa = PBXGroup;
			children = (
				7C7385BF2AE12D260024DDCC /* ProfileView.swift */,
				4364CD342AE6655E001A100A /* ContributionProfileView.swift */,
			);
			path = Profile;
			sourceTree = "<group>";
		};
		7C7385B32AE117BC0024DDCC /* CreateActivity */ = {
			isa = PBXGroup;
			children = (
				7C7385BD2AE12D1A0024DDCC /* CreateActivityView.swift */,
				C71FB42D2AE7AC1900DEE84F /* UserModel.swift */,
				C71FB42F2AE7AE7000DEE84F /* ProfileImage.swift */,
			);
			path = CreateActivity;
			sourceTree = "<group>";
		};
		7C7385B42AE117DF0024DDCC /* Gamification */ = {
			isa = PBXGroup;
			children = (
				7C7385C12AE12D680024DDCC /* GamificationView.swift */,
			);
			path = Gamification;
			sourceTree = "<group>";
		};
		7C7385B52AE129140024DDCC /* ActivitySymbols */ = {
			isa = PBXGroup;
			children = (
				7C0F47682AE16A3D004F8033 /* ActivitySymbol.swift */,
				7C0F47732AE18A56004F8033 /* ActivitySymbolSmall.swift */,
				C79564782AE2C51500D059F2 /* AccessibilitySymbol.swift */,
				7C5F00B02AEAA77B00E0AEAE /* SelectableActivitySymbol.swift */,
			);
			path = ActivitySymbols;
			sourceTree = "<group>";
		};
/* End PBXGroup section */

/* Begin PBXNativeTarget section */
		7C73858F2AE113EC0024DDCC /* FreeDiscover */ = {
			isa = PBXNativeTarget;
			buildConfigurationList = 7C73859E2AE113ED0024DDCC /* Build configuration list for PBXNativeTarget "FreeDiscover" */;
			buildPhases = (
				7C73858C2AE113EC0024DDCC /* Sources */,
				7C73858D2AE113EC0024DDCC /* Frameworks */,
				7C73858E2AE113EC0024DDCC /* Resources */,
			);
			buildRules = (
			);
			dependencies = (
			);
			name = FreeDiscover;
			productName = FreeDiscover;
			productReference = 7C7385902AE113EC0024DDCC /* FreeDiscover.app */;
			productType = "com.apple.product-type.application";
		};
/* End PBXNativeTarget section */

/* Begin PBXProject section */
		7C7385882AE113EC0024DDCC /* Project object */ = {
			isa = PBXProject;
			attributes = {
				BuildIndependentTargetsInParallel = 1;
				LastSwiftUpdateCheck = 1500;
				LastUpgradeCheck = 1500;
				TargetAttributes = {
					7C73858F2AE113EC0024DDCC = {
						CreatedOnToolsVersion = 15.0;
					};
				};
			};
			buildConfigurationList = 7C73858B2AE113EC0024DDCC /* Build configuration list for PBXProject "FreeDiscover" */;
			compatibilityVersion = "Xcode 14.0";
			developmentRegion = en;
			hasScannedForEncodings = 0;
			knownRegions = (
				en,
				Base,
			);
			mainGroup = 7C7385872AE113EC0024DDCC;
			productRefGroup = 7C7385912AE113EC0024DDCC /* Products */;
			projectDirPath = "";
			projectRoot = "";
			targets = (
				7C73858F2AE113EC0024DDCC /* FreeDiscover */,
			);
		};
/* End PBXProject section */

/* Begin PBXResourcesBuildPhase section */
		7C73858E2AE113EC0024DDCC /* Resources */ = {
			isa = PBXResourcesBuildPhase;
			buildActionMask = 2147483647;
			files = (
				7C73859B2AE113ED0024DDCC /* Preview Assets.xcassets in Resources */,
				7C7385982AE113ED0024DDCC /* Assets.xcassets in Resources */,
			);
			runOnlyForDeploymentPostprocessing = 0;
		};
/* End PBXResourcesBuildPhase section */

/* Begin PBXSourcesBuildPhase section */
		7C73858C2AE113EC0024DDCC /* Sources */ = {
			isa = PBXSourcesBuildPhase;
			buildActionMask = 2147483647;
			files = (
				43B862FB2AEFA68E00C8DAD5 /* LevelGame.swift in Sources */,
				7C5F00B72AEBD96E00E0AEAE /* GlobalVariables.swift in Sources */,
				7C5F00B92AEBEB4300E0AEAE /* CancelSearchButton.swift in Sources */,
				7C5F00B12AEAA77B00E0AEAE /* SelectableActivitySymbol.swift in Sources */,
				7C0F47742AE18A56004F8033 /* ActivitySymbolSmall.swift in Sources */,
				7C9ACD932AE6C3480083E3C2 /* GetTemporaryActivity.swift in Sources */,
				7C7385C02AE12D260024DDCC /* ProfileView.swift in Sources */,
				9FDED9B52AEA89C0001BAD95 /* ShareButton.swift in Sources */,
				7C9ACD852AE6B7690083E3C2 /* UserSymbolMapPosition.swift in Sources */,
				4364CD372AE6663C001A100A /* ProfileSwitchButton.swift in Sources */,
				43944F6F2AE271C100E03E84 /* UserProfile.swift in Sources */,
				C71FB4302AE7AE7000DEE84F /* ProfileImage.swift in Sources */,
				9FDED9B72AEA90F8001BAD95 /* ThumbsupButton.swift in Sources */,
				9FDED9BB2AEA97C4001BAD95 /* laurelleadingLevel.swift in Sources */,
				7C0F476E2AE174CB004F8033 /* ProfileButton.swift in Sources */,
				4364CD352AE6655E001A100A /* ContributionProfileView.swift in Sources */,
				7C5F009F2AE945D100E0AEAE /* UserDataModel.swift in Sources */,
				7C0F47762AE18B70004F8033 /* VoteCountDisplay.swift in Sources */,
				7C7385962AE113EC0024DDCC /* ContentView.swift in Sources */,
				7C5F009D2AE9456500E0AEAE /* ActivityDataModel.swift in Sources */,
				7C5F00952AE8FA4000E0AEAE /* MapView.swift in Sources */,
				C75F398E2AE7F050005DD9AA /* CategoryPicker.swift in Sources */,
				7C7385CA2AE12DD40024DDCC /* ListView.swift in Sources */,
				7C7385942AE113EC0024DDCC /* FreeDiscoverApp.swift in Sources */,
				7C5F00A52AE9475100E0AEAE /* APIRequestViewModel.swift in Sources */,
				7C5F009B2AE908D200E0AEAE /* LocationManager.swift in Sources */,
				F2E0315A2AE17DAE001ECF38 /* FreeDiscover.swift in Sources */,
				7C7385C22AE12D680024DDCC /* GamificationView.swift in Sources */,
				7C5F00992AE8FADD00E0AEAE /* SearchViewBaseOlivier.swift in Sources */,
				7C5F00AD2AEA6E2800E0AEAE /* ActivityPreview.swift in Sources */,
				7C0F47722AE18061004F8033 /* ListCard.swift in Sources */,
				7C9ACD912AE6C3230083E3C2 /* GetActivityByType.swift in Sources */,
				43944F712AE27EBB00E03E84 /* Profile rectangle.swift in Sources */,
				7C5F00AB2AE9517600E0AEAE /* UserListView.swift in Sources */,
				7C7385BE2AE12D1A0024DDCC /* CreateActivityView.swift in Sources */,
				F2E031582AE17D98001ECF38 /* ActivityTypes.swift in Sources */,
				7C5F00A92AE9514200E0AEAE /* TestAPIView.swift in Sources */,
				7C0F47692AE16A3D004F8033 /* ActivitySymbol.swift in Sources */,
				7C0F47702AE17516004F8033 /* DisplaySwitchButton.swift in Sources */,
				7C5F00AF2AEAA02B00E0AEAE /* SearchView.swift in Sources */,
				C705EC802AE80E3000A7D759 /* LikeButton.swift in Sources */,
				C77D1F322AE286CC00C7CB74 /* CtaButton.swift in Sources */,
				7C7385CC2AE12DE30024DDCC /* HomepageView.swift in Sources */,
				43A0083F2AE8095500D9431F /* GetFavorite.swift in Sources */,
				7C7385C82AE12DBE0024DDCC /* ActivityDetailView.swift in Sources */,
				C79564792AE2C51500D059F2 /* AccessibilitySymbol.swift in Sources */,
				9FDED9B92AEA9121001BAD95 /* ThumbsdownButton.swift in Sources */,
				7C5F00972AE8FA6500E0AEAE /* UserPositionSymbol.swift in Sources */,
				43A008352AE7E4E900D9431F /* CarrouselFavoriteEV.swift in Sources */,
				7C0F476C2AE17392004F8033 /* SearchButton.swift in Sources */,
				C71FB42E2AE7AC1900DEE84F /* UserModel.swift in Sources */,
				7C9ACD8D2AE6B9E40083E3C2 /* CarrousselBonPlan.swift in Sources */,
				7CE35FF22AEE6B2100209FF6 /* SearchFunctions.swift in Sources */,
			);
			runOnlyForDeploymentPostprocessing = 0;
		};
/* End PBXSourcesBuildPhase section */

/* Begin XCBuildConfiguration section */
		7C73859C2AE113ED0024DDCC /* Debug */ = {
			isa = XCBuildConfiguration;
			buildSettings = {
				ALWAYS_SEARCH_USER_PATHS = NO;
				ASSETCATALOG_COMPILER_GENERATE_SWIFT_ASSET_SYMBOL_EXTENSIONS = YES;
				CLANG_ANALYZER_NONNULL = YES;
				CLANG_ANALYZER_NUMBER_OBJECT_CONVERSION = YES_AGGRESSIVE;
				CLANG_CXX_LANGUAGE_STANDARD = "gnu++20";
				CLANG_ENABLE_MODULES = YES;
				CLANG_ENABLE_OBJC_ARC = YES;
				CLANG_ENABLE_OBJC_WEAK = YES;
				CLANG_WARN_BLOCK_CAPTURE_AUTORELEASING = YES;
				CLANG_WARN_BOOL_CONVERSION = YES;
				CLANG_WARN_COMMA = YES;
				CLANG_WARN_CONSTANT_CONVERSION = YES;
				CLANG_WARN_DEPRECATED_OBJC_IMPLEMENTATIONS = YES;
				CLANG_WARN_DIRECT_OBJC_ISA_USAGE = YES_ERROR;
				CLANG_WARN_DOCUMENTATION_COMMENTS = YES;
				CLANG_WARN_EMPTY_BODY = YES;
				CLANG_WARN_ENUM_CONVERSION = YES;
				CLANG_WARN_INFINITE_RECURSION = YES;
				CLANG_WARN_INT_CONVERSION = YES;
				CLANG_WARN_NON_LITERAL_NULL_CONVERSION = YES;
				CLANG_WARN_OBJC_IMPLICIT_RETAIN_SELF = YES;
				CLANG_WARN_OBJC_LITERAL_CONVERSION = YES;
				CLANG_WARN_OBJC_ROOT_CLASS = YES_ERROR;
				CLANG_WARN_QUOTED_INCLUDE_IN_FRAMEWORK_HEADER = YES;
				CLANG_WARN_RANGE_LOOP_ANALYSIS = YES;
				CLANG_WARN_STRICT_PROTOTYPES = YES;
				CLANG_WARN_SUSPICIOUS_MOVE = YES;
				CLANG_WARN_UNGUARDED_AVAILABILITY = YES_AGGRESSIVE;
				CLANG_WARN_UNREACHABLE_CODE = YES;
				CLANG_WARN__DUPLICATE_METHOD_MATCH = YES;
				COPY_PHASE_STRIP = NO;
				DEBUG_INFORMATION_FORMAT = dwarf;
				ENABLE_STRICT_OBJC_MSGSEND = YES;
				ENABLE_TESTABILITY = YES;
				ENABLE_USER_SCRIPT_SANDBOXING = YES;
				GCC_C_LANGUAGE_STANDARD = gnu17;
				GCC_DYNAMIC_NO_PIC = NO;
				GCC_NO_COMMON_BLOCKS = YES;
				GCC_OPTIMIZATION_LEVEL = 0;
				GCC_PREPROCESSOR_DEFINITIONS = (
					"DEBUG=1",
					"$(inherited)",
				);
				GCC_WARN_64_TO_32_BIT_CONVERSION = YES;
				GCC_WARN_ABOUT_RETURN_TYPE = YES_ERROR;
				GCC_WARN_UNDECLARED_SELECTOR = YES;
				GCC_WARN_UNINITIALIZED_AUTOS = YES_AGGRESSIVE;
				GCC_WARN_UNUSED_FUNCTION = YES;
				GCC_WARN_UNUSED_VARIABLE = YES;
				IPHONEOS_DEPLOYMENT_TARGET = 17.0;
				LOCALIZATION_PREFERS_STRING_CATALOGS = YES;
				MTL_ENABLE_DEBUG_INFO = INCLUDE_SOURCE;
				MTL_FAST_MATH = YES;
				ONLY_ACTIVE_ARCH = YES;
				SDKROOT = iphoneos;
				SWIFT_ACTIVE_COMPILATION_CONDITIONS = "DEBUG $(inherited)";
				SWIFT_OPTIMIZATION_LEVEL = "-Onone";
			};
			name = Debug;
		};
		7C73859D2AE113ED0024DDCC /* Release */ = {
			isa = XCBuildConfiguration;
			buildSettings = {
				ALWAYS_SEARCH_USER_PATHS = NO;
				ASSETCATALOG_COMPILER_GENERATE_SWIFT_ASSET_SYMBOL_EXTENSIONS = YES;
				CLANG_ANALYZER_NONNULL = YES;
				CLANG_ANALYZER_NUMBER_OBJECT_CONVERSION = YES_AGGRESSIVE;
				CLANG_CXX_LANGUAGE_STANDARD = "gnu++20";
				CLANG_ENABLE_MODULES = YES;
				CLANG_ENABLE_OBJC_ARC = YES;
				CLANG_ENABLE_OBJC_WEAK = YES;
				CLANG_WARN_BLOCK_CAPTURE_AUTORELEASING = YES;
				CLANG_WARN_BOOL_CONVERSION = YES;
				CLANG_WARN_COMMA = YES;
				CLANG_WARN_CONSTANT_CONVERSION = YES;
				CLANG_WARN_DEPRECATED_OBJC_IMPLEMENTATIONS = YES;
				CLANG_WARN_DIRECT_OBJC_ISA_USAGE = YES_ERROR;
				CLANG_WARN_DOCUMENTATION_COMMENTS = YES;
				CLANG_WARN_EMPTY_BODY = YES;
				CLANG_WARN_ENUM_CONVERSION = YES;
				CLANG_WARN_INFINITE_RECURSION = YES;
				CLANG_WARN_INT_CONVERSION = YES;
				CLANG_WARN_NON_LITERAL_NULL_CONVERSION = YES;
				CLANG_WARN_OBJC_IMPLICIT_RETAIN_SELF = YES;
				CLANG_WARN_OBJC_LITERAL_CONVERSION = YES;
				CLANG_WARN_OBJC_ROOT_CLASS = YES_ERROR;
				CLANG_WARN_QUOTED_INCLUDE_IN_FRAMEWORK_HEADER = YES;
				CLANG_WARN_RANGE_LOOP_ANALYSIS = YES;
				CLANG_WARN_STRICT_PROTOTYPES = YES;
				CLANG_WARN_SUSPICIOUS_MOVE = YES;
				CLANG_WARN_UNGUARDED_AVAILABILITY = YES_AGGRESSIVE;
				CLANG_WARN_UNREACHABLE_CODE = YES;
				CLANG_WARN__DUPLICATE_METHOD_MATCH = YES;
				COPY_PHASE_STRIP = NO;
				DEBUG_INFORMATION_FORMAT = "dwarf-with-dsym";
				ENABLE_NS_ASSERTIONS = NO;
				ENABLE_STRICT_OBJC_MSGSEND = YES;
				ENABLE_USER_SCRIPT_SANDBOXING = YES;
				GCC_C_LANGUAGE_STANDARD = gnu17;
				GCC_NO_COMMON_BLOCKS = YES;
				GCC_WARN_64_TO_32_BIT_CONVERSION = YES;
				GCC_WARN_ABOUT_RETURN_TYPE = YES_ERROR;
				GCC_WARN_UNDECLARED_SELECTOR = YES;
				GCC_WARN_UNINITIALIZED_AUTOS = YES_AGGRESSIVE;
				GCC_WARN_UNUSED_FUNCTION = YES;
				GCC_WARN_UNUSED_VARIABLE = YES;
				IPHONEOS_DEPLOYMENT_TARGET = 17.0;
				LOCALIZATION_PREFERS_STRING_CATALOGS = YES;
				MTL_ENABLE_DEBUG_INFO = NO;
				MTL_FAST_MATH = YES;
				SDKROOT = iphoneos;
				SWIFT_COMPILATION_MODE = wholemodule;
				VALIDATE_PRODUCT = YES;
			};
			name = Release;
		};
		7C73859F2AE113ED0024DDCC /* Debug */ = {
			isa = XCBuildConfiguration;
			buildSettings = {
				ASSETCATALOG_COMPILER_APPICON_NAME = AppIcon;
				ASSETCATALOG_COMPILER_GLOBAL_ACCENT_COLOR_NAME = AccentColor;
				CODE_SIGN_STYLE = Automatic;
				CURRENT_PROJECT_VERSION = 1;
				DEVELOPMENT_ASSET_PATHS = "\"FreeDiscover/Preview Content\"";
				ENABLE_PREVIEWS = YES;
				GENERATE_INFOPLIST_FILE = YES;
				INFOPLIST_KEY_NSCameraUsageDescription = "freeDiscover doit accéder à votre appareil photo";
				INFOPLIST_KEY_NSLocationWhenInUseUsageDescription = "Free Discover souhaite accéder à votre localisation";
				INFOPLIST_KEY_NSPhotoLibraryUsageDescription = "freeDiscover doit accéder à vos photos et vidéos";
				INFOPLIST_KEY_NSPrincipalClass = "";
				INFOPLIST_KEY_UIApplicationSceneManifest_Generation = YES;
				INFOPLIST_KEY_UIApplicationSupportsIndirectInputEvents = YES;
				INFOPLIST_KEY_UILaunchScreen_Generation = YES;
				INFOPLIST_KEY_UISupportedInterfaceOrientations_iPad = "UIInterfaceOrientationPortrait UIInterfaceOrientationPortraitUpsideDown UIInterfaceOrientationLandscapeLeft UIInterfaceOrientationLandscapeRight";
				INFOPLIST_KEY_UISupportedInterfaceOrientations_iPhone = "UIInterfaceOrientationPortrait UIInterfaceOrientationLandscapeLeft UIInterfaceOrientationLandscapeRight";
				LD_RUNPATH_SEARCH_PATHS = (
					"$(inherited)",
					"@executable_path/Frameworks",
				);
				MARKETING_VERSION = 1.0;
				PRODUCT_BUNDLE_IDENTIFIER = com.jejulien.FreeDiscover;
				PRODUCT_NAME = "$(TARGET_NAME)";
				SWIFT_EMIT_LOC_STRINGS = YES;
				SWIFT_VERSION = 5.0;
				TARGETED_DEVICE_FAMILY = "1,2";
			};
			name = Debug;
		};
		7C7385A02AE113ED0024DDCC /* Release */ = {
			isa = XCBuildConfiguration;
			buildSettings = {
				ASSETCATALOG_COMPILER_APPICON_NAME = AppIcon;
				ASSETCATALOG_COMPILER_GLOBAL_ACCENT_COLOR_NAME = AccentColor;
				CODE_SIGN_STYLE = Automatic;
				CURRENT_PROJECT_VERSION = 1;
				DEVELOPMENT_ASSET_PATHS = "\"FreeDiscover/Preview Content\"";
				ENABLE_PREVIEWS = YES;
				GENERATE_INFOPLIST_FILE = YES;
				INFOPLIST_KEY_NSCameraUsageDescription = "freeDiscover doit accéder à votre appareil photo";
				INFOPLIST_KEY_NSLocationWhenInUseUsageDescription = "Free Discover souhaite accéder à votre localisation";
				INFOPLIST_KEY_NSPhotoLibraryUsageDescription = "freeDiscover doit accéder à vos photos et vidéos";
				INFOPLIST_KEY_NSPrincipalClass = "";
				INFOPLIST_KEY_UIApplicationSceneManifest_Generation = YES;
				INFOPLIST_KEY_UIApplicationSupportsIndirectInputEvents = YES;
				INFOPLIST_KEY_UILaunchScreen_Generation = YES;
				INFOPLIST_KEY_UISupportedInterfaceOrientations_iPad = "UIInterfaceOrientationPortrait UIInterfaceOrientationPortraitUpsideDown UIInterfaceOrientationLandscapeLeft UIInterfaceOrientationLandscapeRight";
				INFOPLIST_KEY_UISupportedInterfaceOrientations_iPhone = "UIInterfaceOrientationPortrait UIInterfaceOrientationLandscapeLeft UIInterfaceOrientationLandscapeRight";
				LD_RUNPATH_SEARCH_PATHS = (
					"$(inherited)",
					"@executable_path/Frameworks",
				);
				MARKETING_VERSION = 1.0;
				PRODUCT_BUNDLE_IDENTIFIER = com.jejulien.FreeDiscover;
				PRODUCT_NAME = "$(TARGET_NAME)";
				SWIFT_EMIT_LOC_STRINGS = YES;
				SWIFT_VERSION = 5.0;
				TARGETED_DEVICE_FAMILY = "1,2";
			};
			name = Release;
		};
/* End XCBuildConfiguration section */

/* Begin XCConfigurationList section */
		7C73858B2AE113EC0024DDCC /* Build configuration list for PBXProject "FreeDiscover" */ = {
			isa = XCConfigurationList;
			buildConfigurations = (
				7C73859C2AE113ED0024DDCC /* Debug */,
				7C73859D2AE113ED0024DDCC /* Release */,
			);
			defaultConfigurationIsVisible = 0;
			defaultConfigurationName = Release;
		};
		7C73859E2AE113ED0024DDCC /* Build configuration list for PBXNativeTarget "FreeDiscover" */ = {
			isa = XCConfigurationList;
			buildConfigurations = (
				7C73859F2AE113ED0024DDCC /* Debug */,
				7C7385A02AE113ED0024DDCC /* Release */,
			);
			defaultConfigurationIsVisible = 0;
			defaultConfigurationName = Release;
		};
/* End XCConfigurationList section */
	};
	rootObject = 7C7385882AE113EC0024DDCC /* Project object */;
}
